
Microsoft Visual Studio Solution File, Format Version 12.00
# Visual Studio Version 17
VisualStudioVersion = 17.5.33414.496
MinimumVisualStudioVersion = 10.0.40219.1
Project("{FAE04EC0-301F-11D3-BF4B-00C04F79EFBC}") = "CALCULADORA FORMS", "CALCULADORA FORMS\CALCULADORA FORMS.csproj", "{D3907A03-A3FF-41C4-9F53-14D0807DD794}"
EndProject
Global
	GlobalSection(SolutionConfigurationPlatforms) = preSolution
		Debug|Any CPU = Debug|Any CPU
		Release|Any CPU = Release|Any CPU
	EndGlobalSection
	GlobalSection(ProjectConfigurationPlatforms) = postSolution
		{D3907A03-A3FF-41C4-9F53-14D0807DD794}.Debug|Any CPU.ActiveCfg = Debug|Any CPU
		{D3907A03-A3FF-41C4-9F53-14D0807DD794}.Debug|Any CPU.Build.0 = Debug|Any CPU
		{D3907A03-A3FF-41C4-9F53-14D0807DD794}.Release|Any CPU.ActiveCfg = Release|Any CPU
		{D3907A03-A3FF-41C4-9F53-14D0807DD794}.Release|Any CPU.Build.0 = Release|Any CPU
	EndGlobalSection
	GlobalSection(SolutionProperties) = preSolution
		HideSolutionNode = FALSE
	EndGlobalSection
	GlobalSection(ExtensibilityGlobals) = postSolution
		SolutionGuid = {7094D6E9-7206-4FF4-99B2-3B0EB4076BDA}
	EndGlobalSection
EndGlobal
